
Microsoft Visual Studio Solution File, Format Version 12.00
# Visual Studio 15
VisualStudioVersion = 15.0.27703.2000
MinimumVisualStudioVersion = 10.0.40219.1
Project("{FAE04EC0-301F-11D3-BF4B-00C04F79EFBC}") = "FirstTest", "FirstTest\FirstTest.csproj", "{A3898D2D-1053-4CC4-8E5F-0BCA85068551}"
EndProject
Global
	GlobalSection(SolutionConfigurationPlatforms) = preSolution
		Debug|Any CPU = Debug|Any CPU
		Release|Any CPU = Release|Any CPU
	EndGlobalSection
	GlobalSection(ProjectConfigurationPlatforms) = postSolution
		{A3898D2D-1053-4CC4-8E5F-0BCA85068551}.Debug|Any CPU.ActiveCfg = Debug|Any CPU
		{A3898D2D-1053-4CC4-8E5F-0BCA85068551}.Debug|Any CPU.Build.0 = Debug|Any CPU
		{A3898D2D-1053-4CC4-8E5F-0BCA85068551}.Release|Any CPU.ActiveCfg = Release|Any CPU
		{A3898D2D-1053-4CC4-8E5F-0BCA85068551}.Release|Any CPU.Build.0 = Release|Any CPU
	EndGlobalSection
	GlobalSection(SolutionProperties) = preSolution
		HideSolutionNode = FALSE
	EndGlobalSection
	GlobalSection(ExtensibilityGlobals) = postSolution
		SolutionGuid = {1063AB53-8B10-407D-9063-94065B96FC27}
	EndGlobalSection
EndGlobal
